# THIS IS AN AUTOGENERATED FILE. DO NOT EDIT THIS FILE DIRECTLY.
# yarn lockfile v1


node-bin-setup@^1.0.0:
  version "1.0.6"
  resolved "https://registry.yarnpkg.com/node-bin-setup/-/node-bin-setup-1.0.6.tgz#4b5c9bb937ece702d7069b36ca78af4684677528"
  integrity sha512-uPIxXNis1CRbv1DwqAxkgBk5NFV3s7cMN/Gf556jSw6jBvV7ca4F9lRL/8cALcZecRibeqU+5dFYqFFmzv5a0Q==

node@^13.7.0:
  version "13.7.0"
  resolved "https://registry.yarnpkg.com/node/-/node-13.7.0.tgz#222fd622b9bfc2570625ee8151b54a0d611574e1"
  integrity sha512-HS7bU1UEUQ8d7auEX6mRgI0fpJ6xF9aM5HELOnLgVVPaDtroC2fy4+ScYxzF1RRNMpZL9k5d7NLF9Yf9zGewAw==
  dependencies:
    node-bin-setup "^1.0.0"

uikit@^3.3.0:
  version "3.3.0"
  resolved "https://registry.yarnpkg.com/uikit/-/uikit-3.3.0.tgz#1e458e95d0ad9f97cffadd74373a623f2865d344"
  integrity sha512-NQ9fYX+ZCp6RC1ixEZWq59QFrs+PvmnquGia0p7wAb94FHE8baRkyLpURGQMQZsabWE4xgnL+tpKSG6DTAf35A==
